
Microsoft Visual Studio Solution File, Format Version 12.00
# Visual Studio Version 16
VisualStudioVersion = 16.0.31105.61
MinimumVisualStudioVersion = 10.0.40219.1
Project("{FAE04EC0-301F-11D3-BF4B-00C04F79EFBC}") = "calculadora-safra", "calculadora-safra.csproj", "{29AEFF5F-90DD-4F8B-ABA8-0FD696106D6A}"
EndProject
Global
	GlobalSection(SolutionConfigurationPlatforms) = preSolution
		Debug|Any CPU = Debug|Any CPU
		Release|Any CPU = Release|Any CPU
	EndGlobalSection
	GlobalSection(ProjectConfigurationPlatforms) = postSolution
		{29AEFF5F-90DD-4F8B-ABA8-0FD696106D6A}.Debug|Any CPU.ActiveCfg = Debug|Any CPU
		{29AEFF5F-90DD-4F8B-ABA8-0FD696106D6A}.Debug|Any CPU.Build.0 = Debug|Any CPU
		{29AEFF5F-90DD-4F8B-ABA8-0FD696106D6A}.Release|Any CPU.ActiveCfg = Release|Any CPU
		{29AEFF5F-90DD-4F8B-ABA8-0FD696106D6A}.Release|Any CPU.Build.0 = Release|Any CPU
	EndGlobalSection
	GlobalSection(SolutionProperties) = preSolution
		HideSolutionNode = FALSE
	EndGlobalSection
	GlobalSection(ExtensibilityGlobals) = postSolution
		SolutionGuid = {8A55A7D8-852E-42A8-B5D2-940E4461D4EF}
	EndGlobalSection
EndGlobal
